
Microsoft Visual Studio Solution File, Format Version 12.00
# Visual Studio Version 17
VisualStudioVersion = 17.13.35931.197 d17.13
MinimumVisualStudioVersion = 10.0.40219.1
Project("{FAE04EC0-301F-11D3-BF4B-00C04F79EFBC}") = "dogus-study-case", "dogus-study-case\dogus-study-case.csproj", "{53766E1A-377B-4B75-80E0-6C99A0FC8730}"
EndProject
Global
	GlobalSection(SolutionConfigurationPlatforms) = preSolution
		Debug|Any CPU = Debug|Any CPU
		Release|Any CPU = Release|Any CPU
	EndGlobalSection
	GlobalSection(ProjectConfigurationPlatforms) = postSolution
		{53766E1A-377B-4B75-80E0-6C99A0FC8730}.Debug|Any CPU.ActiveCfg = Debug|Any CPU
		{53766E1A-377B-4B75-80E0-6C99A0FC8730}.Debug|Any CPU.Build.0 = Debug|Any CPU
		{53766E1A-377B-4B75-80E0-6C99A0FC8730}.Release|Any CPU.ActiveCfg = Release|Any CPU
		{53766E1A-377B-4B75-80E0-6C99A0FC8730}.Release|Any CPU.Build.0 = Release|Any CPU
	EndGlobalSection
	GlobalSection(SolutionProperties) = preSolution
		HideSolutionNode = FALSE
	EndGlobalSection
	GlobalSection(ExtensibilityGlobals) = postSolution
		SolutionGuid = {12527FC4-3D32-46BD-855B-EC255A244789}
	EndGlobalSection
EndGlobal
